{
  "name": "wasm-types",
  "version": "1.0.0",
  "lockfileVersion": 1,
  "requires": true,
  "dependencies": {
    "wasm-leb128": {
      "version": "1.1.2",
      "resolved": "https://registry.npmjs.org/wasm-leb128/-/wasm-leb128-1.1.2.tgz",
      "integrity": "sha512-O0gdlRfnZMXgmWOgumqWXi8bbm+SyU7IFj4vt+rKiIc3e7krlPOXFdcpxtPxaYjnsrObZb2tTmHZylp+l7zpjQ=="
    },
    "wasm-uint": {
      "version": "1.0.1",
      "resolved": "https://registry.npmjs.org/wasm-uint/-/wasm-uint-1.0.1.tgz",
      "integrity": "sha512-smiILrOz7/GuM1z+Vuaw4OxmTnNmV8Y01bgV+oC9TkSwZV5qajhLgjO9hFFAQwAay1+yi4U8O97O3ngmg7uv+Q=="
    }
  }
}
